
Microsoft Visual Studio Solution File, Format Version 12.00
# Visual Studio Version 16
VisualStudioVersion = 16.0.31729.503
MinimumVisualStudioVersion = 10.0.40219.1
Project("{9A19103F-16F7-4668-BE54-9A1E7A4F7556}") = "NoruBannerAPI", "NoruBannerAPI\NoruBannerAPI.csproj", "{330E91D8-40A5-4920-90CB-DE2EF43D83FE}"
EndProject
Global
	GlobalSection(SolutionConfigurationPlatforms) = preSolution
		Debug|Any CPU = Debug|Any CPU
		Release|Any CPU = Release|Any CPU
	EndGlobalSection
	GlobalSection(ProjectConfigurationPlatforms) = postSolution
		{330E91D8-40A5-4920-90CB-DE2EF43D83FE}.Debug|Any CPU.ActiveCfg = Debug|Any CPU
		{330E91D8-40A5-4920-90CB-DE2EF43D83FE}.Debug|Any CPU.Build.0 = Debug|Any CPU
		{330E91D8-40A5-4920-90CB-DE2EF43D83FE}.Release|Any CPU.ActiveCfg = Release|Any CPU
		{330E91D8-40A5-4920-90CB-DE2EF43D83FE}.Release|Any CPU.Build.0 = Release|Any CPU
	EndGlobalSection
	GlobalSection(SolutionProperties) = preSolution
		HideSolutionNode = FALSE
	EndGlobalSection
	GlobalSection(ExtensibilityGlobals) = postSolution
		SolutionGuid = {129F4378-A5A7-4EFC-9E33-D0C4C19784CA}
	EndGlobalSection
EndGlobal
